
Microsoft Visual Studio Solution File, Format Version 12.00
# Visual Studio Version 17
VisualStudioVersion = 17.5.33103.201
MinimumVisualStudioVersion = 10.0.40219.1
Project("{FAE04EC0-301F-11D3-BF4B-00C04F79EFBC}") = "tx-text-snippets", "tx-text-snippets\tx-text-snippets.csproj", "{4C93A229-B4E7-4CBA-9A08-1C2A78BBF969}"
EndProject
Global
	GlobalSection(SolutionConfigurationPlatforms) = preSolution
		Debug|Any CPU = Debug|Any CPU
		Release|Any CPU = Release|Any CPU
	EndGlobalSection
	GlobalSection(ProjectConfigurationPlatforms) = postSolution
		{4C93A229-B4E7-4CBA-9A08-1C2A78BBF969}.Debug|Any CPU.ActiveCfg = Debug|Any CPU
		{4C93A229-B4E7-4CBA-9A08-1C2A78BBF969}.Debug|Any CPU.Build.0 = Debug|Any CPU
		{4C93A229-B4E7-4CBA-9A08-1C2A78BBF969}.Release|Any CPU.ActiveCfg = Release|Any CPU
		{4C93A229-B4E7-4CBA-9A08-1C2A78BBF969}.Release|Any CPU.Build.0 = Release|Any CPU
	EndGlobalSection
	GlobalSection(SolutionProperties) = preSolution
		HideSolutionNode = FALSE
	EndGlobalSection
	GlobalSection(ExtensibilityGlobals) = postSolution
		SolutionGuid = {87FA5C66-2BDB-48BB-AF88-5285933438F5}
	EndGlobalSection
EndGlobal
